
Microsoft Visual Studio Solution File, Format Version 12.00
# Visual Studio 15
VisualStudioVersion = 15.0.28307.136
MinimumVisualStudioVersion = 10.0.40219.1
Project("{9A19103F-16F7-4668-BE54-9A1E7A4F7556}") = "Pitech.TestUtils", "Pitech.TestUtils\Pitech.TestUtils.csproj", "{F57ADE16-08A0-4A98-ACD7-FF03BBD78E8A}"
EndProject
Project("{9A19103F-16F7-4668-BE54-9A1E7A4F7556}") = "Pitech.TestUtils.Tests", "Pitech.TestUtils.Tests\Pitech.TestUtils.Tests.csproj", "{B0E628A4-9AA9-47CF-A883-984F02EE054E}"
EndProject
Global
	GlobalSection(SolutionConfigurationPlatforms) = preSolution
		Debug|Any CPU = Debug|Any CPU
		Release|Any CPU = Release|Any CPU
	EndGlobalSection
	GlobalSection(ProjectConfigurationPlatforms) = postSolution
		{F57ADE16-08A0-4A98-ACD7-FF03BBD78E8A}.Debug|Any CPU.ActiveCfg = Debug|Any CPU
		{F57ADE16-08A0-4A98-ACD7-FF03BBD78E8A}.Debug|Any CPU.Build.0 = Debug|Any CPU
		{F57ADE16-08A0-4A98-ACD7-FF03BBD78E8A}.Release|Any CPU.ActiveCfg = Release|Any CPU
		{F57ADE16-08A0-4A98-ACD7-FF03BBD78E8A}.Release|Any CPU.Build.0 = Release|Any CPU
		{B0E628A4-9AA9-47CF-A883-984F02EE054E}.Debug|Any CPU.ActiveCfg = Debug|Any CPU
		{B0E628A4-9AA9-47CF-A883-984F02EE054E}.Debug|Any CPU.Build.0 = Debug|Any CPU
		{B0E628A4-9AA9-47CF-A883-984F02EE054E}.Release|Any CPU.ActiveCfg = Release|Any CPU
		{B0E628A4-9AA9-47CF-A883-984F02EE054E}.Release|Any CPU.Build.0 = Release|Any CPU
	EndGlobalSection
	GlobalSection(SolutionProperties) = preSolution
		HideSolutionNode = FALSE
	EndGlobalSection
	GlobalSection(ExtensibilityGlobals) = postSolution
		SolutionGuid = {B3CAE149-218C-47E4-9983-D784358006BA}
	EndGlobalSection
EndGlobal
