
Microsoft Visual Studio Solution File, Format Version 12.00
# Visual Studio 15
VisualStudioVersion = 15.0.28010.2041
MinimumVisualStudioVersion = 10.0.40219.1
Project("{9A19103F-16F7-4668-BE54-9A1E7A4F7556}") = "Books.WebApi", "Books.WebApi\Books.WebApi.csproj", "{F008393E-9B79-4AA3-98D8-7B83A90D9304}"
EndProject
Project("{9A19103F-16F7-4668-BE54-9A1E7A4F7556}") = "Hypermedia.AspNetCore.Siren", "Hypermedia.AspNetCore.Siren\Hypermedia.AspNetCore.Siren.csproj", "{07C0764E-82D9-4C13-9750-147A2A30400A}"
EndProject
Project("{9A19103F-16F7-4668-BE54-9A1E7A4F7556}") = "Hypermedia.AspNetCore.Siren.Test", "Hypermedia.AspNetCore.Siren.Test\Hypermedia.AspNetCore.Siren.Test.csproj", "{AC5005B4-39A2-43AA-87CB-631488AD33FA}"
EndProject
Project("{9A19103F-16F7-4668-BE54-9A1E7A4F7556}") = "Books.Identity", "Books.Identity\Books.Identity.csproj", "{51DF544C-2CCB-447A-9FDA-CBA384B06730}"
EndProject
Project("{2150E333-8FDC-42A3-9474-1A3956D46DE8}") = "Books", "Books", "{5040275C-0943-4C29-B487-CF878F2109C2}"
EndProject
Project("{9A19103F-16F7-4668-BE54-9A1E7A4F7556}") = "Books.Infrastructure", "Books.Infrastructure\Books.Infrastructure.csproj", "{EBCDBE9C-52F9-424F-955F-CBBDE9C0EC2E}"
EndProject
Project("{9A19103F-16F7-4668-BE54-9A1E7A4F7556}") = "Hypermedia.AspNetCore.AsyncStepBuilder", "Hypermedia.AspNetCore.AsyncStepBuilder\Hypermedia.AspNetCore.AsyncStepBuilder.csproj", "{E1A91BD1-BE92-49F0-9B38-D2E0EA3246E6}"
EndProject
Project("{9A19103F-16F7-4668-BE54-9A1E7A4F7556}") = "Hypermedia.AspNetCore.Core", "Hypermedia.AspNetCore.Core\Hypermedia.AspNetCore.Core.csproj", "{EDC9C27A-A97B-48F1-81D2-491F1376EB19}"
EndProject
Project("{2150E333-8FDC-42A3-9474-1A3956D46DE8}") = "Hypermedia", "Hypermedia", "{0A50D104-42C3-4EE9-A8C3-0319B78182CB}"
EndProject
Project("{2150E333-8FDC-42A3-9474-1A3956D46DE8}") = "Tests", "Tests", "{BFFE76C5-7A0A-4F91-A625-E96C46BC5F3E}"
EndProject
Project("{9A19103F-16F7-4668-BE54-9A1E7A4F7556}") = "Hypermedia.AspNetCore.AsyncStepBuilder.Test", "Hypermedia.AspNetCore.AsyncStepBuilder.Test\Hypermedia.AspNetCore.AsyncStepBuilder.Test.csproj", "{0D940366-76BA-49D5-8C18-206BBC76678A}"
EndProject
Project("{9A19103F-16F7-4668-BE54-9A1E7A4F7556}") = "Hypermedia.AspNetCore.Tests.Common", "Hypermedia.AspNetCore.Tests.Common\Hypermedia.AspNetCore.Tests.Common.csproj", "{369818FC-0E63-4388-8FB0-4854E95A951F}"
EndProject
Project("{FAE04EC0-301F-11D3-BF4B-00C04F79EFBC}") = "Hypermedia.AspNetCore.Siren.Builders.Test", "Hypermedia.AspNetCore.Siren.Builders.Test\Hypermedia.AspNetCore.Siren.Builders.Test.csproj", "{BC1975C7-5328-40FC-8352-4EE2BA9B0789}"
EndProject
Project("{FAE04EC0-301F-11D3-BF4B-00C04F79EFBC}") = "Hypermedia.AspNetCore.Siren.Builders.Abstractions", "Hypermedia.AspNetCore.Siren.Builders.Abstractions\Hypermedia.AspNetCore.Siren.Builders.Abstractions.csproj", "{F5E0DD66-9DFB-4323-A6C2-320DDCDBF1FE}"
EndProject
Global
	GlobalSection(SolutionConfigurationPlatforms) = preSolution
		Debug|Any CPU = Debug|Any CPU
		Release|Any CPU = Release|Any CPU
	EndGlobalSection
	GlobalSection(ProjectConfigurationPlatforms) = postSolution
		{F008393E-9B79-4AA3-98D8-7B83A90D9304}.Debug|Any CPU.ActiveCfg = Debug|Any CPU
		{F008393E-9B79-4AA3-98D8-7B83A90D9304}.Debug|Any CPU.Build.0 = Debug|Any CPU
		{F008393E-9B79-4AA3-98D8-7B83A90D9304}.Release|Any CPU.ActiveCfg = Release|Any CPU
		{F008393E-9B79-4AA3-98D8-7B83A90D9304}.Release|Any CPU.Build.0 = Release|Any CPU
		{07C0764E-82D9-4C13-9750-147A2A30400A}.Debug|Any CPU.ActiveCfg = Debug|Any CPU
		{07C0764E-82D9-4C13-9750-147A2A30400A}.Debug|Any CPU.Build.0 = Debug|Any CPU
		{07C0764E-82D9-4C13-9750-147A2A30400A}.Release|Any CPU.ActiveCfg = Release|Any CPU
		{07C0764E-82D9-4C13-9750-147A2A30400A}.Release|Any CPU.Build.0 = Release|Any CPU
		{AC5005B4-39A2-43AA-87CB-631488AD33FA}.Debug|Any CPU.ActiveCfg = Debug|Any CPU
		{AC5005B4-39A2-43AA-87CB-631488AD33FA}.Debug|Any CPU.Build.0 = Debug|Any CPU
		{AC5005B4-39A2-43AA-87CB-631488AD33FA}.Release|Any CPU.ActiveCfg = Release|Any CPU
		{AC5005B4-39A2-43AA-87CB-631488AD33FA}.Release|Any CPU.Build.0 = Release|Any CPU
		{51DF544C-2CCB-447A-9FDA-CBA384B06730}.Debug|Any CPU.ActiveCfg = Debug|Any CPU
		{51DF544C-2CCB-447A-9FDA-CBA384B06730}.Debug|Any CPU.Build.0 = Debug|Any CPU
		{51DF544C-2CCB-447A-9FDA-CBA384B06730}.Release|Any CPU.ActiveCfg = Release|Any CPU
		{51DF544C-2CCB-447A-9FDA-CBA384B06730}.Release|Any CPU.Build.0 = Release|Any CPU
		{EBCDBE9C-52F9-424F-955F-CBBDE9C0EC2E}.Debug|Any CPU.ActiveCfg = Debug|Any CPU
		{EBCDBE9C-52F9-424F-955F-CBBDE9C0EC2E}.Debug|Any CPU.Build.0 = Debug|Any CPU
		{EBCDBE9C-52F9-424F-955F-CBBDE9C0EC2E}.Release|Any CPU.ActiveCfg = Release|Any CPU
		{EBCDBE9C-52F9-424F-955F-CBBDE9C0EC2E}.Release|Any CPU.Build.0 = Release|Any CPU
		{E1A91BD1-BE92-49F0-9B38-D2E0EA3246E6}.Debug|Any CPU.ActiveCfg = Debug|Any CPU
		{E1A91BD1-BE92-49F0-9B38-D2E0EA3246E6}.Debug|Any CPU.Build.0 = Debug|Any CPU
		{E1A91BD1-BE92-49F0-9B38-D2E0EA3246E6}.Release|Any CPU.ActiveCfg = Release|Any CPU
		{E1A91BD1-BE92-49F0-9B38-D2E0EA3246E6}.Release|Any CPU.Build.0 = Release|Any CPU
		{EDC9C27A-A97B-48F1-81D2-491F1376EB19}.Debug|Any CPU.ActiveCfg = Debug|Any CPU
		{EDC9C27A-A97B-48F1-81D2-491F1376EB19}.Debug|Any CPU.Build.0 = Debug|Any CPU
		{EDC9C27A-A97B-48F1-81D2-491F1376EB19}.Release|Any CPU.ActiveCfg = Release|Any CPU
		{EDC9C27A-A97B-48F1-81D2-491F1376EB19}.Release|Any CPU.Build.0 = Release|Any CPU
		{0D940366-76BA-49D5-8C18-206BBC76678A}.Debug|Any CPU.ActiveCfg = Debug|Any CPU
		{0D940366-76BA-49D5-8C18-206BBC76678A}.Debug|Any CPU.Build.0 = Debug|Any CPU
		{0D940366-76BA-49D5-8C18-206BBC76678A}.Release|Any CPU.ActiveCfg = Release|Any CPU
		{0D940366-76BA-49D5-8C18-206BBC76678A}.Release|Any CPU.Build.0 = Release|Any CPU
		{369818FC-0E63-4388-8FB0-4854E95A951F}.Debug|Any CPU.ActiveCfg = Debug|Any CPU
		{369818FC-0E63-4388-8FB0-4854E95A951F}.Debug|Any CPU.Build.0 = Debug|Any CPU
		{369818FC-0E63-4388-8FB0-4854E95A951F}.Release|Any CPU.ActiveCfg = Release|Any CPU
		{369818FC-0E63-4388-8FB0-4854E95A951F}.Release|Any CPU.Build.0 = Release|Any CPU
		{BC1975C7-5328-40FC-8352-4EE2BA9B0789}.Debug|Any CPU.ActiveCfg = Debug|Any CPU
		{BC1975C7-5328-40FC-8352-4EE2BA9B0789}.Debug|Any CPU.Build.0 = Debug|Any CPU
		{BC1975C7-5328-40FC-8352-4EE2BA9B0789}.Release|Any CPU.ActiveCfg = Release|Any CPU
		{BC1975C7-5328-40FC-8352-4EE2BA9B0789}.Release|Any CPU.Build.0 = Release|Any CPU
		{F5E0DD66-9DFB-4323-A6C2-320DDCDBF1FE}.Debug|Any CPU.ActiveCfg = Debug|Any CPU
		{F5E0DD66-9DFB-4323-A6C2-320DDCDBF1FE}.Debug|Any CPU.Build.0 = Debug|Any CPU
		{F5E0DD66-9DFB-4323-A6C2-320DDCDBF1FE}.Release|Any CPU.ActiveCfg = Release|Any CPU
		{F5E0DD66-9DFB-4323-A6C2-320DDCDBF1FE}.Release|Any CPU.Build.0 = Release|Any CPU
	EndGlobalSection
	GlobalSection(SolutionProperties) = preSolution
		HideSolutionNode = FALSE
	EndGlobalSection
	GlobalSection(NestedProjects) = preSolution
		{F008393E-9B79-4AA3-98D8-7B83A90D9304} = {5040275C-0943-4C29-B487-CF878F2109C2}
		{07C0764E-82D9-4C13-9750-147A2A30400A} = {0A50D104-42C3-4EE9-A8C3-0319B78182CB}
		{AC5005B4-39A2-43AA-87CB-631488AD33FA} = {BFFE76C5-7A0A-4F91-A625-E96C46BC5F3E}
		{51DF544C-2CCB-447A-9FDA-CBA384B06730} = {5040275C-0943-4C29-B487-CF878F2109C2}
		{EBCDBE9C-52F9-424F-955F-CBBDE9C0EC2E} = {5040275C-0943-4C29-B487-CF878F2109C2}
		{E1A91BD1-BE92-49F0-9B38-D2E0EA3246E6} = {0A50D104-42C3-4EE9-A8C3-0319B78182CB}
		{EDC9C27A-A97B-48F1-81D2-491F1376EB19} = {0A50D104-42C3-4EE9-A8C3-0319B78182CB}
		{BFFE76C5-7A0A-4F91-A625-E96C46BC5F3E} = {0A50D104-42C3-4EE9-A8C3-0319B78182CB}
		{0D940366-76BA-49D5-8C18-206BBC76678A} = {BFFE76C5-7A0A-4F91-A625-E96C46BC5F3E}
		{369818FC-0E63-4388-8FB0-4854E95A951F} = {BFFE76C5-7A0A-4F91-A625-E96C46BC5F3E}
		{BC1975C7-5328-40FC-8352-4EE2BA9B0789} = {BFFE76C5-7A0A-4F91-A625-E96C46BC5F3E}
		{F5E0DD66-9DFB-4323-A6C2-320DDCDBF1FE} = {0A50D104-42C3-4EE9-A8C3-0319B78182CB}
	EndGlobalSection
	GlobalSection(ExtensibilityGlobals) = postSolution
		SolutionGuid = {078B1914-1774-4986-829B-74698F301995}
	EndGlobalSection
EndGlobal
